
Microsoft Visual Studio Solution File, Format Version 12.00
# Visual Studio 15
VisualStudioVersion = 15.0.28307.106
MinimumVisualStudioVersion = 10.0.40219.1
Project("{8BC9CEB8-8B4A-11D0-8D11-00A0C91BC942}") = "numCousinNodes", "numCousinNodes\numCousinNodes.vcxproj", "{18B78757-FBA0-41F0-99A1-AB51B7EF43CA}"
EndProject
Global
	GlobalSection(SolutionConfigurationPlatforms) = preSolution
		Debug|x64 = Debug|x64
		Debug|x86 = Debug|x86
		Release|x64 = Release|x64
		Release|x86 = Release|x86
	EndGlobalSection
	GlobalSection(ProjectConfigurationPlatforms) = postSolution
		{18B78757-FBA0-41F0-99A1-AB51B7EF43CA}.Debug|x64.ActiveCfg = Debug|x64
		{18B78757-FBA0-41F0-99A1-AB51B7EF43CA}.Debug|x64.Build.0 = Debug|x64
		{18B78757-FBA0-41F0-99A1-AB51B7EF43CA}.Debug|x86.ActiveCfg = Debug|Win32
		{18B78757-FBA0-41F0-99A1-AB51B7EF43CA}.Debug|x86.Build.0 = Debug|Win32
		{18B78757-FBA0-41F0-99A1-AB51B7EF43CA}.Release|x64.ActiveCfg = Release|x64
		{18B78757-FBA0-41F0-99A1-AB51B7EF43CA}.Release|x64.Build.0 = Release|x64
		{18B78757-FBA0-41F0-99A1-AB51B7EF43CA}.Release|x86.ActiveCfg = Release|Win32
		{18B78757-FBA0-41F0-99A1-AB51B7EF43CA}.Release|x86.Build.0 = Release|Win32
	EndGlobalSection
	GlobalSection(SolutionProperties) = preSolution
		HideSolutionNode = FALSE
	EndGlobalSection
	GlobalSection(ExtensibilityGlobals) = postSolution
		SolutionGuid = {20DAD366-293D-4C6D-87AA-2EC1E59FDFFE}
	EndGlobalSection
EndGlobal
